{
  "name": "sample-aws-lambda",
  "version": "1.0.0",
  "lockfileVersion": 2,
  "requires": true,
  "packages": {
    "": {
      "name": "sample-aws-lambda",
      "version": "1.0.0",
      "license": "MIT",
      "dependencies": {
        "@commercetools/platform-sdk": "^2.7.0",
        "@commercetools/sdk-client-v2": "^1.4.0",
        "dotenv": "^8.2.0",
        "node-fetch": "^2.6.1"
      }
    },
    "node_modules/@commercetools/platform-sdk": {
      "version": "2.7.0",
      "resolved": "https://registry.npmjs.org/@commercetools/platform-sdk/-/platform-sdk-2.7.0.tgz",
      "integrity": "sha512-xm3IT0WP/5NL4vmB/9TSS19+z8ghkHmEmb9n5kXu5GC+wiR/Z6pcpt/BYUR2MuRTqjsq167MThH15jHgWypaQw==",
      "dependencies": {
        "@commercetools/sdk-client-v2": "^1.4.0",
        "@commercetools/sdk-middleware-auth": "^6.0.4",
        "@commercetools/sdk-middleware-http": "^6.0.4",
        "@commercetools/sdk-middleware-logger": "^2.1.1",
        "querystring": "^0.2.1"
      }
    },
    "node_modules/@commercetools/sdk-client-v2": {
      "version": "1.4.0",
      "resolved": "https://registry.npmjs.org/@commercetools/sdk-client-v2/-/sdk-client-v2-1.4.0.tgz",
      "integrity": "sha512-JYGDQVJtrPsU9keGM6HSIUAwTJtLqEWWEsaLJaDct3ciRc9orNLRn65pPhfXzZkg0kw2c6SkmG8HEEDQbOq0xg==",
      "dependencies": {
        "buffer": "^6.0.3",
        "node-fetch": "^2.6.1",
        "querystring": "^0.2.1"
      }
    },
    "node_modules/@commercetools/sdk-middleware-auth": {
      "version": "6.2.1",
      "resolved": "https://registry.npmjs.org/@commercetools/sdk-middleware-auth/-/sdk-middleware-auth-6.2.1.tgz",
      "integrity": "sha512-JNVRVf7zssECg0i/amAG0gnFmx4Kj7rB0J9MfRlvN/54qyA6tKJOJaA5j9hYy60qKSW/NCGbVMcVlBnPJLhREQ==",
      "dependencies": {
        "node-fetch": "^2.6.7"
      }
    },
    "node_modules/@commercetools/sdk-middleware-http": {
      "version": "6.2.0",
      "resolved": "https://registry.npmjs.org/@commercetools/sdk-middleware-http/-/sdk-middleware-http-6.2.0.tgz",
      "integrity": "sha512-3E1nV+awhP0eeFuyChxgbaPF5CWWH0PvGZO9FtNl/mirlYjGbXAHO4Ql5tG4/G+CywlXI9XVA9wKSwxG0kgwgA=="
    },
    "node_modules/@commercetools/sdk-middleware-logger": {
      "version": "2.1.1",
      "resolved": "https://registry.npmjs.org/@commercetools/sdk-middleware-logger/-/sdk-middleware-logger-2.1.1.tgz",
      "integrity": "sha512-k/Jm3lsWbszPBHtPAvu0rINTq398p4ddv0zbAH8R4p6Yc1GkBEy6tNgHPzX/eFskI/qerPy9IsW1xK8pqgtHHQ=="
    },
    "node_modules/base64-js": {
      "version": "1.5.1",
      "resolved": "https://registry.npmjs.org/base64-js/-/base64-js-1.5.1.tgz",
      "integrity": "sha512-AKpaYlHn8t4SVbOHCy+b5+KKgvR4vrsD8vbvrbiQJps7fKDTkjkDry6ji0rUJjC0kzbNePLwzxq8iypo41qeWA==",
      "funding": [
        {
          "type": "github",
          "url": "https://github.com/sponsors/feross"
        },
        {
          "type": "patreon",
          "url": "https://www.patreon.com/feross"
        },
        {
          "type": "consulting",
          "url": "https://feross.org/support"
        }
      ]
    },
    "node_modules/buffer": {
      "version": "6.0.3",
      "resolved": "https://registry.npmjs.org/buffer/-/buffer-6.0.3.tgz",
      "integrity": "sha512-FTiCpNxtwiZZHEZbcbTIcZjERVICn9yq/pDFkTl95/AxzD1naBctN7YO68riM/gLSDY7sdrMby8hofADYuuqOA==",
      "funding": [
        {
          "type": "github",
          "url": "https://github.com/sponsors/feross"
        },
        {
          "type": "patreon",
          "url": "https://www.patreon.com/feross"
        },
        {
          "type": "consulting",
          "url": "https://feross.org/support"
        }
      ],
      "dependencies": {
        "base64-js": "^1.3.1",
        "ieee754": "^1.2.1"
      }
    },
    "node_modules/dotenv": {
      "version": "8.6.0",
      "resolved": "https://registry.npmjs.org/dotenv/-/dotenv-8.6.0.tgz",
      "integrity": "sha512-IrPdXQsk2BbzvCBGBOTmmSH5SodmqZNt4ERAZDmW4CT+tL8VtvinqywuANaFu4bOMWki16nqf0e4oC0QIaDr/g==",
      "engines": {
        "node": ">=10"
      }
    },
    "node_modules/ieee754": {
      "version": "1.2.1",
      "resolved": "https://registry.npmjs.org/ieee754/-/ieee754-1.2.1.tgz",
      "integrity": "sha512-dcyqhDvX1C46lXZcVqCpK+FtMRQVdIMN6/Df5js2zouUsqG7I6sFxitIC+7KYK29KdXOLHdu9zL4sFnoVQnqaA==",
      "funding": [
        {
          "type": "github",
          "url": "https://github.com/sponsors/feross"
        },
        {
          "type": "patreon",
          "url": "https://www.patreon.com/feross"
        },
        {
          "type": "consulting",
          "url": "https://feross.org/support"
        }
      ]
    },
    "node_modules/node-fetch": {
      "version": "2.6.7",
      "resolved": "https://registry.npmjs.org/node-fetch/-/node-fetch-2.6.7.tgz",
      "integrity": "sha512-ZjMPFEfVx5j+y2yF35Kzx5sF7kDzxuDj6ziH4FFbOp87zKDZNx8yExJIb05OGF4Nlt9IHFIMBkRl41VdvcNdbQ==",
      "dependencies": {
        "whatwg-url": "^5.0.0"
      },
      "engines": {
        "node": "4.x || >=6.0.0"
      },
      "peerDependencies": {
        "encoding": "^0.1.0"
      },
      "peerDependenciesMeta": {
        "encoding": {
          "optional": true
        }
      }
    },
    "node_modules/querystring": {
      "version": "0.2.1",
      "resolved": "https://registry.npmjs.org/querystring/-/querystring-0.2.1.tgz",
      "integrity": "sha512-wkvS7mL/JMugcup3/rMitHmd9ecIGd2lhFhK9N3UUQ450h66d1r3Y9nvXzQAW1Lq+wyx61k/1pfKS5KuKiyEbg==",
      "deprecated": "The querystring API is considered Legacy. new code should use the URLSearchParams API instead.",
      "engines": {
        "node": ">=0.4.x"
      }
    },
    "node_modules/tr46": {
      "version": "0.0.3",
      "resolved": "https://registry.npmjs.org/tr46/-/tr46-0.0.3.tgz",
      "integrity": "sha1-gYT9NH2snNwYWZLzpmIuFLnZq2o="
    },
    "node_modules/webidl-conversions": {
      "version": "3.0.1",
      "resolved": "https://registry.npmjs.org/webidl-conversions/-/webidl-conversions-3.0.1.tgz",
      "integrity": "sha1-JFNCdeKnvGvnvIZhHMFq4KVlSHE="
    },
    "node_modules/whatwg-url": {
      "version": "5.0.0",
      "resolved": "https://registry.npmjs.org/whatwg-url/-/whatwg-url-5.0.0.tgz",
      "integrity": "sha1-lmRU6HZUYuN2RNNib2dCzotwll0=",
      "dependencies": {
        "tr46": "~0.0.3",
        "webidl-conversions": "^3.0.0"
      }
    }
  },
  "dependencies": {
    "@commercetools/platform-sdk": {
      "version": "2.7.0",
      "resolved": "https://registry.npmjs.org/@commercetools/platform-sdk/-/platform-sdk-2.7.0.tgz",
      "integrity": "sha512-xm3IT0WP/5NL4vmB/9TSS19+z8ghkHmEmb9n5kXu5GC+wiR/Z6pcpt/BYUR2MuRTqjsq167MThH15jHgWypaQw==",
      "requires": {
        "@commercetools/sdk-client-v2": "^1.4.0",
        "@commercetools/sdk-middleware-auth": "^6.0.4",
        "@commercetools/sdk-middleware-http": "^6.0.4",
        "@commercetools/sdk-middleware-logger": "^2.1.1",
        "querystring": "^0.2.1"
      }
    },
    "@commercetools/sdk-client-v2": {
      "version": "1.4.0",
      "resolved": "https://registry.npmjs.org/@commercetools/sdk-client-v2/-/sdk-client-v2-1.4.0.tgz",
      "integrity": "sha512-JYGDQVJtrPsU9keGM6HSIUAwTJtLqEWWEsaLJaDct3ciRc9orNLRn65pPhfXzZkg0kw2c6SkmG8HEEDQbOq0xg==",
      "requires": {
        "buffer": "^6.0.3",
        "node-fetch": "^2.6.1",
        "querystring": "^0.2.1"
      }
    },
    "@commercetools/sdk-middleware-auth": {
      "version": "6.2.1",
      "resolved": "https://registry.npmjs.org/@commercetools/sdk-middleware-auth/-/sdk-middleware-auth-6.2.1.tgz",
      "integrity": "sha512-JNVRVf7zssECg0i/amAG0gnFmx4Kj7rB0J9MfRlvN/54qyA6tKJOJaA5j9hYy60qKSW/NCGbVMcVlBnPJLhREQ==",
      "requires": {
        "node-fetch": "^2.6.7"
      }
    },
    "@commercetools/sdk-middleware-http": {
      "version": "6.2.0",
      "resolved": "https://registry.npmjs.org/@commercetools/sdk-middleware-http/-/sdk-middleware-http-6.2.0.tgz",
      "integrity": "sha512-3E1nV+awhP0eeFuyChxgbaPF5CWWH0PvGZO9FtNl/mirlYjGbXAHO4Ql5tG4/G+CywlXI9XVA9wKSwxG0kgwgA=="
    },
    "@commercetools/sdk-middleware-logger": {
      "version": "2.1.1",
      "resolved": "https://registry.npmjs.org/@commercetools/sdk-middleware-logger/-/sdk-middleware-logger-2.1.1.tgz",
      "integrity": "sha512-k/Jm3lsWbszPBHtPAvu0rINTq398p4ddv0zbAH8R4p6Yc1GkBEy6tNgHPzX/eFskI/qerPy9IsW1xK8pqgtHHQ=="
    },
    "base64-js": {
      "version": "1.5.1",
      "resolved": "https://registry.npmjs.org/base64-js/-/base64-js-1.5.1.tgz",
      "integrity": "sha512-AKpaYlHn8t4SVbOHCy+b5+KKgvR4vrsD8vbvrbiQJps7fKDTkjkDry6ji0rUJjC0kzbNePLwzxq8iypo41qeWA=="
    },
    "buffer": {
      "version": "6.0.3",
      "resolved": "https://registry.npmjs.org/buffer/-/buffer-6.0.3.tgz",
      "integrity": "sha512-FTiCpNxtwiZZHEZbcbTIcZjERVICn9yq/pDFkTl95/AxzD1naBctN7YO68riM/gLSDY7sdrMby8hofADYuuqOA==",
      "requires": {
        "base64-js": "^1.3.1",
        "ieee754": "^1.2.1"
      }
    },
    "dotenv": {
      "version": "8.6.0",
      "resolved": "https://registry.npmjs.org/dotenv/-/dotenv-8.6.0.tgz",
      "integrity": "sha512-IrPdXQsk2BbzvCBGBOTmmSH5SodmqZNt4ERAZDmW4CT+tL8VtvinqywuANaFu4bOMWki16nqf0e4oC0QIaDr/g=="
    },
    "ieee754": {
      "version": "1.2.1",
      "resolved": "https://registry.npmjs.org/ieee754/-/ieee754-1.2.1.tgz",
      "integrity": "sha512-dcyqhDvX1C46lXZcVqCpK+FtMRQVdIMN6/Df5js2zouUsqG7I6sFxitIC+7KYK29KdXOLHdu9zL4sFnoVQnqaA=="
    },
    "node-fetch": {
      "version": "2.6.7",
      "resolved": "https://registry.npmjs.org/node-fetch/-/node-fetch-2.6.7.tgz",
      "integrity": "sha512-ZjMPFEfVx5j+y2yF35Kzx5sF7kDzxuDj6ziH4FFbOp87zKDZNx8yExJIb05OGF4Nlt9IHFIMBkRl41VdvcNdbQ==",
      "requires": {
        "whatwg-url": "^5.0.0"
      }
    },
    "querystring": {
      "version": "0.2.1",
      "resolved": "https://registry.npmjs.org/querystring/-/querystring-0.2.1.tgz",
      "integrity": "sha512-wkvS7mL/JMugcup3/rMitHmd9ecIGd2lhFhK9N3UUQ450h66d1r3Y9nvXzQAW1Lq+wyx61k/1pfKS5KuKiyEbg=="
    },
    "tr46": {
      "version": "0.0.3",
      "resolved": "https://registry.npmjs.org/tr46/-/tr46-0.0.3.tgz",
      "integrity": "sha1-gYT9NH2snNwYWZLzpmIuFLnZq2o="
    },
    "webidl-conversions": {
      "version": "3.0.1",
      "resolved": "https://registry.npmjs.org/webidl-conversions/-/webidl-conversions-3.0.1.tgz",
      "integrity": "sha1-JFNCdeKnvGvnvIZhHMFq4KVlSHE="
    },
    "whatwg-url": {
      "version": "5.0.0",
      "resolved": "https://registry.npmjs.org/whatwg-url/-/whatwg-url-5.0.0.tgz",
      "integrity": "sha1-lmRU6HZUYuN2RNNib2dCzotwll0=",
      "requires": {
        "tr46": "~0.0.3",
        "webidl-conversions": "^3.0.0"
      }
    }
  }
}
